
Microsoft Visual Studio Solution File, Format Version 12.00
# Visual Studio Version 17
VisualStudioVersion = 17.7.34024.191
MinimumVisualStudioVersion = 10.0.40219.1
Project("{FAE04EC0-301F-11D3-BF4B-00C04F79EFBC}") = "Grifindo", "Grifindo.csproj", "{F82CFD65-D498-4513-B37B-023477DEE5FB}"
EndProject
Global
	GlobalSection(SolutionConfigurationPlatforms) = preSolution
		Debug|Any CPU = Debug|Any CPU
		Release|Any CPU = Release|Any CPU
	EndGlobalSection
	GlobalSection(ProjectConfigurationPlatforms) = postSolution
		{F82CFD65-D498-4513-B37B-023477DEE5FB}.Debug|Any CPU.ActiveCfg = Debug|Any CPU
		{F82CFD65-D498-4513-B37B-023477DEE5FB}.Debug|Any CPU.Build.0 = Debug|Any CPU
		{F82CFD65-D498-4513-B37B-023477DEE5FB}.Release|Any CPU.ActiveCfg = Release|Any CPU
		{F82CFD65-D498-4513-B37B-023477DEE5FB}.Release|Any CPU.Build.0 = Release|Any CPU
	EndGlobalSection
	GlobalSection(SolutionProperties) = preSolution
		HideSolutionNode = FALSE
	EndGlobalSection
	GlobalSection(ExtensibilityGlobals) = postSolution
		SolutionGuid = {6C648E72-7D57-4506-95E7-E645CE1EC1ED}
	EndGlobalSection
EndGlobal
